
Microsoft Visual Studio Solution File, Format Version 12.00
# Visual Studio Version 17
VisualStudioVersion = 17.0.32126.317
MinimumVisualStudioVersion = 10.0.40219.1
Project("{FAE04EC0-301F-11D3-BF4B-00C04F79EFBC}") = "ShellcodeString", "ShellcodeStringTool\ShellcodeString.csproj", "{DC5987E4-5CC9-465D-93C0-BD322BEED46D}"
EndProject
Global
	GlobalSection(SolutionConfigurationPlatforms) = preSolution
		Debug|Any CPU = Debug|Any CPU
		Release|Any CPU = Release|Any CPU
	EndGlobalSection
	GlobalSection(ProjectConfigurationPlatforms) = postSolution
		{DC5987E4-5CC9-465D-93C0-BD322BEED46D}.Debug|Any CPU.ActiveCfg = Debug|Any CPU
		{DC5987E4-5CC9-465D-93C0-BD322BEED46D}.Debug|Any CPU.Build.0 = Debug|Any CPU
		{DC5987E4-5CC9-465D-93C0-BD322BEED46D}.Release|Any CPU.ActiveCfg = Release|Any CPU
		{DC5987E4-5CC9-465D-93C0-BD322BEED46D}.Release|Any CPU.Build.0 = Release|Any CPU
	EndGlobalSection
	GlobalSection(SolutionProperties) = preSolution
		HideSolutionNode = FALSE
	EndGlobalSection
	GlobalSection(ExtensibilityGlobals) = postSolution
		SolutionGuid = {EB0B3F80-D250-4D1C-AA6C-7DA311041D47}
	EndGlobalSection
EndGlobal
